lockfileVersion: '9.0'

settings:
  autoInstallPeers: true
  excludeLinksFromLockfile: false

importers:

  .:
    dependencies:
      ulidx:
        specifier: ^2.4.1
        version: 2.4.1

packages:

  layerr@3.0.0:
    resolution: {integrity: sha512-tv754Ki2dXpPVApOrjTyRo4/QegVb9eVFq4mjqp4+NM5NaX7syQvN5BBNfV/ZpAHCEHV24XdUVrBAoka4jt3pA==}

  ulidx@2.4.1:
    resolution: {integrity: sha512-xY7c8LPyzvhvew0Fn+Ek3wBC9STZAuDI/Y5andCKi9AX6/jvfaX45PhsDX8oxgPL0YFp0Jhr8qWMbS/p9375Xg==}
    engines: {node: '>=16'}

snapshots:

  layerr@3.0.0: {}

  ulidx@2.4.1:
    dependencies:
      layerr: 3.0.0
